
Microsoft Visual Studio Solution File, Format Version 12.00
# Visual Studio Version 17
VisualStudioVersion = 17.6.33723.286
MinimumVisualStudioVersion = 10.0.40219.1
Project("{FAE04EC0-301F-11D3-BF4B-00C04F79EFBC}") = "Collection", "Collection.csproj", "{1AE480B5-E658-46F0-8BAD-AE2011821855}"
EndProject
Global
	GlobalSection(SolutionConfigurationPlatforms) = preSolution
		Debug|Any CPU = Debug|Any CPU
		Release|Any CPU = Release|Any CPU
	EndGlobalSection
	GlobalSection(ProjectConfigurationPlatforms) = postSolution
		{1AE480B5-E658-46F0-8BAD-AE2011821855}.Debug|Any CPU.ActiveCfg = Debug|Any CPU
		{1AE480B5-E658-46F0-8BAD-AE2011821855}.Debug|Any CPU.Build.0 = Debug|Any CPU
		{1AE480B5-E658-46F0-8BAD-AE2011821855}.Release|Any CPU.ActiveCfg = Release|Any CPU
		{1AE480B5-E658-46F0-8BAD-AE2011821855}.Release|Any CPU.Build.0 = Release|Any CPU
	EndGlobalSection
	GlobalSection(SolutionProperties) = preSolution
		HideSolutionNode = FALSE
	EndGlobalSection
	GlobalSection(ExtensibilityGlobals) = postSolution
		SolutionGuid = {4C01F0FD-A184-4AE8-B86D-60CBF9D900F3}
	EndGlobalSection
EndGlobal
